
Microsoft Visual Studio Solution File, Format Version 12.00
# Visual Studio 14
VisualStudioVersion = 14.0.25123.0
MinimumVisualStudioVersion = 10.0.40219.1
Project("{6CC6891C-5F11-4BF5-9D69-A148014C9E88}") = "Sitecore.Support.162291", "Sitecore.Support.162291\Sitecore.Support.162291.csproj", "{8AAA455A-2F60-4455-BB91-13ECC83F99E8}"
EndProject
Global
	GlobalSection(SolutionConfigurationPlatforms) = preSolution
		Debug|Any CPU = Debug|Any CPU
		Release|Any CPU = Release|Any CPU
	EndGlobalSection
	GlobalSection(ProjectConfigurationPlatforms) = postSolution
		{8AAA455A-2F60-4455-BB91-13ECC83F99E8}.Debug|Any CPU.ActiveCfg = Debug|Any CPU
		{8AAA455A-2F60-4455-BB91-13ECC83F99E8}.Debug|Any CPU.Build.0 = Debug|Any CPU
		{8AAA455A-2F60-4455-BB91-13ECC83F99E8}.Release|Any CPU.ActiveCfg = Release|Any CPU
		{8AAA455A-2F60-4455-BB91-13ECC83F99E8}.Release|Any CPU.Build.0 = Release|Any CPU
	EndGlobalSection
	GlobalSection(SolutionProperties) = preSolution
		HideSolutionNode = FALSE
	EndGlobalSection
EndGlobal
